
Microsoft Visual Studio Solution File, Format Version 12.00
# Visual Studio Version 16
VisualStudioVersion = 16.0.31829.152
MinimumVisualStudioVersion = 10.0.40219.1
Project("{FAE04EC0-301F-11D3-BF4B-00C04F79EFBC}") = "MCD_GenericClassNedir", "MCD_GenericClassNedir\MCD_GenericClassNedir.csproj", "{7ED92BA3-D6AE-4CC8-8560-F31EEDF4DA99}"
EndProject
Global
	GlobalSection(SolutionConfigurationPlatforms) = preSolution
		Debug|Any CPU = Debug|Any CPU
		Release|Any CPU = Release|Any CPU
	EndGlobalSection
	GlobalSection(ProjectConfigurationPlatforms) = postSolution
		{7ED92BA3-D6AE-4CC8-8560-F31EEDF4DA99}.Debug|Any CPU.ActiveCfg = Debug|Any CPU
		{7ED92BA3-D6AE-4CC8-8560-F31EEDF4DA99}.Debug|Any CPU.Build.0 = Debug|Any CPU
		{7ED92BA3-D6AE-4CC8-8560-F31EEDF4DA99}.Release|Any CPU.ActiveCfg = Release|Any CPU
		{7ED92BA3-D6AE-4CC8-8560-F31EEDF4DA99}.Release|Any CPU.Build.0 = Release|Any CPU
	EndGlobalSection
	GlobalSection(SolutionProperties) = preSolution
		HideSolutionNode = FALSE
	EndGlobalSection
	GlobalSection(ExtensibilityGlobals) = postSolution
		SolutionGuid = {D7C2B23E-FD4F-4613-B30D-395278AC57F8}
	EndGlobalSection
EndGlobal
